
Microsoft Visual Studio Solution File, Format Version 12.00
# Visual Studio 15
VisualStudioVersion = 15.0.28010.2050
MinimumVisualStudioVersion = 10.0.40219.1
Project("{FAE04EC0-301F-11D3-BF4B-00C04F79EFBC}") = "Quartz_Job", "Quartz_Job\Quartz_Job.csproj", "{E5961B8E-6CEF-490A-ADFD-25718D1A3704}"
EndProject
Global
	GlobalSection(SolutionConfigurationPlatforms) = preSolution
		Debug|Any CPU = Debug|Any CPU
		Release|Any CPU = Release|Any CPU
	EndGlobalSection
	GlobalSection(ProjectConfigurationPlatforms) = postSolution
		{E5961B8E-6CEF-490A-ADFD-25718D1A3704}.Debug|Any CPU.ActiveCfg = Debug|Any CPU
		{E5961B8E-6CEF-490A-ADFD-25718D1A3704}.Debug|Any CPU.Build.0 = Debug|Any CPU
		{E5961B8E-6CEF-490A-ADFD-25718D1A3704}.Release|Any CPU.ActiveCfg = Release|Any CPU
		{E5961B8E-6CEF-490A-ADFD-25718D1A3704}.Release|Any CPU.Build.0 = Release|Any CPU
	EndGlobalSection
	GlobalSection(SolutionProperties) = preSolution
		HideSolutionNode = FALSE
	EndGlobalSection
	GlobalSection(ExtensibilityGlobals) = postSolution
		SolutionGuid = {4A3C0A73-7E26-412D-8366-05A8DD5BE968}
	EndGlobalSection
EndGlobal
